// !$*UTF8*$!
{
	archiveVersion = 1;
	classes = {
	};
	objectVersion = 46;
	objects = {

/* Begin PBXBuildFile section */
		002A905A17F032F300F022DA /* UIKit.framework in Frameworks */ = {isa = PBXBuildFile; fileRef = 002A905917F032F200F022DA /* UIKit.framework */; };
		002A905C17F032F300F022DA /* Foundation.framework in Frameworks */ = {isa = PBXBuildFile; fileRef = 002A905B17F032F300F022DA /* Foundation.framework */; };
		002A905E17F032F300F022DA /* CoreGraphics.framework in Frameworks */ = {isa = PBXBuildFile; fileRef = 002A905D17F032F300F022DA /* CoreGraphics.framework */; };
		002A906417F032F300F022DA /* InfoPlist.strings in Resources */ = {isa = PBXBuildFile; fileRef = 002A906217F032F300F022DA /* InfoPlist.strings */; };
		002A906617F032F300F022DA /* main.m in Sources */ = {isa = PBXBuildFile; fileRef = 002A906517F032F300F022DA /* main.m */; };
		002A906A17F032F300F022DA /* BIDAppDelegate.m in Sources */ = {isa = PBXBuildFile; fileRef = 002A906917F032F300F022DA /* BIDAppDelegate.m */; };
		002A906D17F032F300F022DA /* BIDViewController.m in Sources */ = {isa = PBXBuildFile; fileRef = 002A906C17F032F300F022DA /* BIDViewController.m */; };
		002A907017F032F300F022DA /* BIDViewController.xib in Resources */ = {isa = PBXBuildFile; fileRef = 002A906E17F032F300F022DA /* BIDViewController.xib */; };
/* End PBXBuildFile section */

/* Begin PBXFileReference section */
		002A905517F032F200F022DA /* Tap Taps.app */ = {isa = PBXFileReference; explicitFileType = wrapper.application; includeInIndex = 0; path = "Tap Taps.app"; sourceTree = BUILT_PRODUCTS_DIR; };
		002A905917F032F200F022DA /* UIKit.framework */ = {isa = PBXFileReference; lastKnownFileType = wrapper.framework; name = UIKit.framework; path = System/Library/Frameworks/UIKit.framework; sourceTree = SDKROOT; };
		002A905B17F032F300F022DA /* Foundation.framework */ = {isa = PBXFileReference; lastKnownFileType = wrapper.framework; name = Foundation.framework; path = System/Library/Frameworks/Foundation.framework; sourceTree = SDKROOT; };
		002A905D17F032F300F022DA /* CoreGraphics.framework */ = {isa = PBXFileReference; lastKnownFileType = wrapper.framework; name = CoreGraphics.framework; path = System/Library/Frameworks/CoreGraphics.framework; sourceTree = SDKROOT; };
		002A906117F032F300F022DA /* Tap Taps-Info.plist */ = {isa = PBXFileReference; lastKnownFileType = text.plist.xml; path = "Tap Taps-Info.plist"; sourceTree = "<group>"; };
		002A906317F032F300F022DA /* en */ = {isa = PBXFileReference; lastKnownFileType = text.plist.strings; name = en; path = en.lproj/InfoPlist.strings; sourceTree = "<group>"; };
		002A906517F032F300F022DA /* main.m */ = {isa = PBXFileReference; lastKnownFileType = sourcecode.c.objc; path = main.m; sourceTree = "<group>"; };
		002A906717F032F300F022DA /* Tap Taps-Prefix.pch */ = {isa = PBXFileReference; lastKnownFileType = sourcecode.c.h; path = "Tap Taps-Prefix.pch"; sourceTree = "<group>"; };
		002A906817F032F300F022DA /* BIDAppDelegate.h */ = {isa = PBXFileReference; lastKnownFileType = sourcecode.c.h; path = BIDAppDelegate.h; sourceTree = "<group>"; };
		002A906917F032F300F022DA /* BIDAppDelegate.m */ = {isa = PBXFileReference; lastKnownFileType = sourcecode.c.objc; path = BIDAppDelegate.m; sourceTree = "<group>"; };
		002A906B17F032F300F022DA /* BIDViewController.h */ = {isa = PBXFileReference; lastKnownFileType = sourcecode.c.h; path = BIDViewController.h; sourceTree = "<group>"; };
		002A906C17F032F300F022DA /* BIDViewController.m */ = {isa = PBXFileReference; lastKnownFileType = sourcecode.c.objc; path = BIDViewController.m; sourceTree = "<group>"; };
		002A906F17F032F300F022DA /* en */ = {isa = PBXFileReference; lastKnownFileType = file.xib; name = en; path = en.lproj/BIDViewController.xib; sourceTree = "<group>"; };
/* End PBXFileReference section */

/* Begin PBXFrameworksBuildPhase section */
		002A905217F032F200F022DA /* Frameworks */ = {
			isa = PBXFrameworksBuildPhase;
			buildActionMask = 2147483647;
			files = (
				002A905A17F032F300F022DA /* UIKit.framework in Frameworks */,
				002A905C17F032F300F022DA /* Foundation.framework in Frameworks */,
				002A905E17F032F300F022DA /* CoreGraphics.framework in Frameworks */,
			);
			runOnlyForDeploymentPostprocessing = 0;
		};
/* End PBXFrameworksBuildPhase section */

/* Begin PBXGroup section */
		002A904A17F032F200F022DA = {
			isa = PBXGroup;
			children = (
				002A905F17F032F300F022DA /* Tap Taps */,
				002A905817F032F200F022DA /* Frameworks */,
				002A905617F032F200F022DA /* Products */,
			);
			sourceTree = "<group>";
		};
		002A905617F032F200F022DA /* Products */ = {
			isa = PBXGroup;
			children = (
				002A905517F032F200F022DA /* Tap Taps.app */,
			);
			name = Products;
			sourceTree = "<group>";
		};
		002A905817F032F200F022DA /* Frameworks */ = {
			isa = PBXGroup;
			children = (
				002A905917F032F200F022DA /* UIKit.framework */,
				002A905B17F032F300F022DA /* Foundation.framework */,
				002A905D17F032F300F022DA /* CoreGraphics.framework */,
			);
			name = Frameworks;
			sourceTree = "<group>";
		};
		002A905F17F032F300F022DA /* Tap Taps */ = {
			isa = PBXGroup;
			children = (
				002A906817F032F300F022DA /* BIDAppDelegate.h */,
				002A906917F032F300F022DA /* BIDAppDelegate.m */,
				002A906B17F032F300F022DA /* BIDViewController.h */,
				002A906C17F032F300F022DA /* BIDViewController.m */,
				002A906E17F032F300F022DA /* BIDViewController.xib */,
				002A906017F032F300F022DA /* Supporting Files */,
			);
			path = "Tap Taps";
			sourceTree = "<group>";
		};
		002A906017F032F300F022DA /* Supporting Files */ = {
			isa = PBXGroup;
			children = (
				002A906117F032F300F022DA /* Tap Taps-Info.plist */,
				002A906217F032F300F022DA /* InfoPlist.strings */,
				002A906517F032F300F022DA /* main.m */,
				002A906717F032F300F022DA /* Tap Taps-Prefix.pch */,
			);
			name = "Supporting Files";
			sourceTree = "<group>";
		};
/* End PBXGroup section */

/* Begin PBXNativeTarget section */
		002A905417F032F200F022DA /* Tap Taps */ = {
			isa = PBXNativeTarget;
			buildConfigurationList = 002A907317F032F300F022DA /* Build configuration list for PBXNativeTarget "Tap Taps" */;
			buildPhases = (
				002A905117F032F200F022DA /* Sources */,
				002A905217F032F200F022DA /* Frameworks */,
				002A905317F032F200F022DA /* Resources */,
			);
			buildRules = (
			);
			dependencies = (
			);
			name = "Tap Taps";
			productName = "Tap Taps";
			productReference = 002A905517F032F200F022DA /* Tap Taps.app */;
			productType = "com.apple.product-type.application";
		};
/* End PBXNativeTarget section */

/* Begin PBXProject section */
		002A904C17F032F200F022DA /* Project object */ = {
			isa = PBXProject;
			attributes = {
				LastUpgradeCheck = 0420;
			};
			buildConfigurationList = 002A904F17F032F200F022DA /* Build configuration list for PBXProject "Tap Taps" */;
			compatibilityVersion = "Xcode 3.2";
			developmentRegion = English;
			hasScannedForEncodings = 0;
			knownRegions = (
				en,
			);
			mainGroup = 002A904A17F032F200F022DA;
			productRefGroup = 002A905617F032F200F022DA /* Products */;
			projectDirPath = "";
			projectRoot = "";
			targets = (
				002A905417F032F200F022DA /* Tap Taps */,
			);
		};
/* End PBXProject section */

/* Begin PBXResourcesBuildPhase section */
		002A905317F032F200F022DA /* Resources */ = {
			isa = PBXResourcesBuildPhase;
			buildActionMask = 2147483647;
			files = (
				002A906417F032F300F022DA /* InfoPlist.strings in Resources */,
				002A907017F032F300F022DA /* BIDViewController.xib in Resources */,
			);
			runOnlyForDeploymentPostprocessing = 0;
		};
/* End PBXResourcesBuildPhase section */

/* Begin PBXSourcesBuildPhase section */
		002A905117F032F200F022DA /* Sources */ = {
			isa = PBXSourcesBuildPhase;
			buildActionMask = 2147483647;
			files = (
				002A906617F032F300F022DA /* main.m in Sources */,
				002A906A17F032F300F022DA /* BIDAppDelegate.m in Sources */,
				002A906D17F032F300F022DA /* BIDViewController.m in Sources */,
			);
			runOnlyForDeploymentPostprocessing = 0;
		};
/* End PBXSourcesBuildPhase section */

/* Begin PBXVariantGroup section */
		002A906217F032F300F022DA /* InfoPlist.strings */ = {
			isa = PBXVariantGroup;
			children = (
				002A906317F032F300F022DA /* en */,
			);
			name = InfoPlist.strings;
			sourceTree = "<group>";
		};
		002A906E17F032F300F022DA /* BIDViewController.xib */ = {
			isa = PBXVariantGroup;
			children = (
				002A906F17F032F300F022DA /* en */,
			);
			name = BIDViewController.xib;
			sourceTree = "<group>";
		};
/* End PBXVariantGroup section */

/* Begin XCBuildConfiguration section */
		002A907117F032F300F022DA /* Debug */ = {
			isa = XCBuildConfiguration;
			buildSettings = {
				ALWAYS_SEARCH_USER_PATHS = NO;
				ARCHS = "$(ARCHS_STANDARD_32_BIT)";
				CLANG_ENABLE_OBJC_ARC = YES;
				"CODE_SIGN_IDENTITY[sdk=iphoneos*]" = "iPhone Developer";
				COPY_PHASE_STRIP = NO;
				GCC_C_LANGUAGE_STANDARD = gnu99;
				GCC_DYNAMIC_NO_PIC = NO;
				GCC_OPTIMIZATION_LEVEL = 0;
				GCC_PREPROCESSOR_DEFINITIONS = (
					"DEBUG=1",
					"$(inherited)",
				);
				GCC_SYMBOLS_PRIVATE_EXTERN = NO;
				GCC_VERSION = com.apple.compilers.llvm.clang.1_0;
				GCC_WARN_ABOUT_MISSING_PROTOTYPES = YES;
				GCC_WARN_ABOUT_RETURN_TYPE = YES;
				GCC_WARN_UNUSED_VARIABLE = YES;
				IPHONEOS_DEPLOYMENT_TARGET = 5.0;
				SDKROOT = iphoneos;
			};
			name = Debug;
		};
		002A907217F032F300F022DA /* Release */ = {
			isa = XCBuildConfiguration;
			buildSettings = {
				ALWAYS_SEARCH_USER_PATHS = NO;
				ARCHS = "$(ARCHS_STANDARD_32_BIT)";
				CLANG_ENABLE_OBJC_ARC = YES;
				"CODE_SIGN_IDENTITY[sdk=iphoneos*]" = "iPhone Developer";
				COPY_PHASE_STRIP = YES;
				GCC_C_LANGUAGE_STANDARD = gnu99;
				GCC_VERSION = com.apple.compilers.llvm.clang.1_0;
				GCC_WARN_ABOUT_MISSING_PROTOTYPES = YES;
				GCC_WARN_ABOUT_RETURN_TYPE = YES;
				GCC_WARN_UNUSED_VARIABLE = YES;
				IPHONEOS_DEPLOYMENT_TARGET = 5.0;
				OTHER_CFLAGS = "-DNS_BLOCK_ASSERTIONS=1";
				SDKROOT = iphoneos;
				VALIDATE_PRODUCT = YES;
			};
			name = Release;
		};
		002A907417F032F300F022DA /* Debug */ = {
			isa = XCBuildConfiguration;
			buildSettings = {
				GCC_PRECOMPILE_PREFIX_HEADER = YES;
				GCC_PREFIX_HEADER = "Tap Taps/Tap Taps-Prefix.pch";
				INFOPLIST_FILE = "Tap Taps/Tap Taps-Info.plist";
				PRODUCT_NAME = "$(TARGET_NAME)";
				WRAPPER_EXTENSION = app;
			};
			name = Debug;
		};
		002A907517F032F300F022DA /* Release */ = {
			isa = XCBuildConfiguration;
			buildSettings = {
				GCC_PRECOMPILE_PREFIX_HEADER = YES;
				GCC_PREFIX_HEADER = "Tap Taps/Tap Taps-Prefix.pch";
				INFOPLIST_FILE = "Tap Taps/Tap Taps-Info.plist";
				PRODUCT_NAME = "$(TARGET_NAME)";
				WRAPPER_EXTENSION = app;
			};
			name = Release;
		};
/* End XCBuildConfiguration section */

/* Begin XCConfigurationList section */
		002A904F17F032F200F022DA /* Build configuration list for PBXProject "Tap Taps" */ = {
			isa = XCConfigurationList;
			buildConfigurations = (
				002A907117F032F300F022DA /* Debug */,
				002A907217F032F300F022DA /* Release */,
			);
			defaultConfigurationIsVisible = 0;
			defaultConfigurationName = Release;
		};
		002A907317F032F300F022DA /* Build configuration list for PBXNativeTarget "Tap Taps" */ = {
			isa = XCConfigurationList;
			buildConfigurations = (
				002A907417F032F300F022DA /* Debug */,
				002A907517F032F300F022DA /* Release */,
			);
			defaultConfigurationIsVisible = 0;
		};
/* End XCConfigurationList section */
	};
	rootObject = 002A904C17F032F200F022DA /* Project object */;
}
